
Microsoft Visual Studio Solution File, Format Version 12.00
# Visual Studio 15
VisualStudioVersion = 15.0.28010.2046
MinimumVisualStudioVersion = 10.0.40219.1
Project("{8BC9CEB8-8B4A-11D0-8D11-00A0C91BC942}") = "HW", "HW\HW.vcxproj", "{29C71070-7FCD-44DC-80C2-DF254DD1B63C}"
EndProject
Global
	GlobalSection(SolutionConfigurationPlatforms) = preSolution
		Debug|x64 = Debug|x64
		Debug|x86 = Debug|x86
		Release|x64 = Release|x64
		Release|x86 = Release|x86
	EndGlobalSection
	GlobalSection(ProjectConfigurationPlatforms) = postSolution
		{29C71070-7FCD-44DC-80C2-DF254DD1B63C}.Debug|x64.ActiveCfg = Debug|x64
		{29C71070-7FCD-44DC-80C2-DF254DD1B63C}.Debug|x64.Build.0 = Debug|x64
		{29C71070-7FCD-44DC-80C2-DF254DD1B63C}.Debug|x86.ActiveCfg = Debug|Win32
		{29C71070-7FCD-44DC-80C2-DF254DD1B63C}.Debug|x86.Build.0 = Debug|Win32
		{29C71070-7FCD-44DC-80C2-DF254DD1B63C}.Release|x64.ActiveCfg = Release|x64
		{29C71070-7FCD-44DC-80C2-DF254DD1B63C}.Release|x64.Build.0 = Release|x64
		{29C71070-7FCD-44DC-80C2-DF254DD1B63C}.Release|x86.ActiveCfg = Release|Win32
		{29C71070-7FCD-44DC-80C2-DF254DD1B63C}.Release|x86.Build.0 = Release|Win32
	EndGlobalSection
	GlobalSection(SolutionProperties) = preSolution
		HideSolutionNode = FALSE
	EndGlobalSection
	GlobalSection(ExtensibilityGlobals) = postSolution
		SolutionGuid = {2455D4DF-4AFB-400A-94A5-A4DAAC1057B2}
	EndGlobalSection
EndGlobal
